
Microsoft Visual Studio Solution File, Format Version 12.00
# Visual Studio Version 17
VisualStudioVersion = 17.2.32630.192
MinimumVisualStudioVersion = 10.0.40219.1
Project("{FAE04EC0-301F-11D3-BF4B-00C04F79EFBC}") = "MathServices", "MathServices\MathServices.csproj", "{D8BF64B6-9BD1-41E4-9084-C482CBD466FC}"
EndProject
Project("{9A19103F-16F7-4668-BE54-9A1E7A4F7556}") = "SdblDB2", "SdblDB2\SdblDB2.csproj", "{AA66FD63-158F-459C-AD21-A14D4E92C83C}"
EndProject
Project("{FAE04EC0-301F-11D3-BF4B-00C04F79EFBC}") = "SdblService", "SdblService\SdblService.csproj", "{D8B4CEFC-3F9F-46D3-8BE7-317E8353CE26}"
EndProject
Project("{9A19103F-16F7-4668-BE54-9A1E7A4F7556}") = "NetCoreServer", "SdblCore\NetCoreServer.csproj", "{90CAE036-0AE5-4DE3-A076-3162BE7E680A}"
EndProject
Global
	GlobalSection(SolutionConfigurationPlatforms) = preSolution
		Debug|Any CPU = Debug|Any CPU
		Release|Any CPU = Release|Any CPU
	EndGlobalSection
	GlobalSection(ProjectConfigurationPlatforms) = postSolution
		{D8BF64B6-9BD1-41E4-9084-C482CBD466FC}.Debug|Any CPU.ActiveCfg = Debug|Any CPU
		{D8BF64B6-9BD1-41E4-9084-C482CBD466FC}.Debug|Any CPU.Build.0 = Debug|Any CPU
		{D8BF64B6-9BD1-41E4-9084-C482CBD466FC}.Release|Any CPU.ActiveCfg = Release|Any CPU
		{D8BF64B6-9BD1-41E4-9084-C482CBD466FC}.Release|Any CPU.Build.0 = Release|Any CPU
		{AA66FD63-158F-459C-AD21-A14D4E92C83C}.Debug|Any CPU.ActiveCfg = Debug|Any CPU
		{AA66FD63-158F-459C-AD21-A14D4E92C83C}.Debug|Any CPU.Build.0 = Debug|Any CPU
		{AA66FD63-158F-459C-AD21-A14D4E92C83C}.Release|Any CPU.ActiveCfg = Release|Any CPU
		{AA66FD63-158F-459C-AD21-A14D4E92C83C}.Release|Any CPU.Build.0 = Release|Any CPU
		{D8B4CEFC-3F9F-46D3-8BE7-317E8353CE26}.Debug|Any CPU.ActiveCfg = Debug|Any CPU
		{D8B4CEFC-3F9F-46D3-8BE7-317E8353CE26}.Debug|Any CPU.Build.0 = Debug|Any CPU
		{D8B4CEFC-3F9F-46D3-8BE7-317E8353CE26}.Release|Any CPU.ActiveCfg = Release|Any CPU
		{D8B4CEFC-3F9F-46D3-8BE7-317E8353CE26}.Release|Any CPU.Build.0 = Release|Any CPU
		{90CAE036-0AE5-4DE3-A076-3162BE7E680A}.Debug|Any CPU.ActiveCfg = Debug|Any CPU
		{90CAE036-0AE5-4DE3-A076-3162BE7E680A}.Debug|Any CPU.Build.0 = Debug|Any CPU
		{90CAE036-0AE5-4DE3-A076-3162BE7E680A}.Release|Any CPU.ActiveCfg = Release|Any CPU
		{90CAE036-0AE5-4DE3-A076-3162BE7E680A}.Release|Any CPU.Build.0 = Release|Any CPU
	EndGlobalSection
	GlobalSection(SolutionProperties) = preSolution
		HideSolutionNode = FALSE
	EndGlobalSection
	GlobalSection(ExtensibilityGlobals) = postSolution
		SolutionGuid = {DCB09534-C3F8-4E29-BBA5-0AAF6E5A5AEC}
	EndGlobalSection
EndGlobal
